
Microsoft Visual Studio Solution File, Format Version 12.00
# Visual Studio Version 17
VisualStudioVersion = 17.14.36429.23 d17.14
MinimumVisualStudioVersion = 10.0.40219.1
Project("{FAE04EC0-301F-11D3-BF4B-00C04F79EFBC}") = "If_it_is_even_or_odd", "If_it_is_even_or_odd\If_it_is_even_or_odd.csproj", "{2D82DF0E-3669-40B5-826D-C67C0A28F443}"
EndProject
Global
	GlobalSection(SolutionConfigurationPlatforms) = preSolution
		Debug|Any CPU = Debug|Any CPU
		Release|Any CPU = Release|Any CPU
	EndGlobalSection
	GlobalSection(ProjectConfigurationPlatforms) = postSolution
		{2D82DF0E-3669-40B5-826D-C67C0A28F443}.Debug|Any CPU.ActiveCfg = Debug|Any CPU
		{2D82DF0E-3669-40B5-826D-C67C0A28F443}.Debug|Any CPU.Build.0 = Debug|Any CPU
		{2D82DF0E-3669-40B5-826D-C67C0A28F443}.Release|Any CPU.ActiveCfg = Release|Any CPU
		{2D82DF0E-3669-40B5-826D-C67C0A28F443}.Release|Any CPU.Build.0 = Release|Any CPU
	EndGlobalSection
	GlobalSection(SolutionProperties) = preSolution
		HideSolutionNode = FALSE
	EndGlobalSection
	GlobalSection(ExtensibilityGlobals) = postSolution
		SolutionGuid = {6994F373-B0B4-46E4-96A5-CE789C2B0F26}
	EndGlobalSection
EndGlobal
